// !$*UTF8*$!
{
	archiveVersion = 1;
	classes = {
	};
	objectVersion = 56;
	objects = {

/* Begin PBXBuildFile section */
		491AFED029F92CB400228E72 /* AppDelegate.swift in Sources */ = {isa = PBXBuildFile; fileRef = 491AFECF29F92CB400228E72 /* AppDelegate.swift */; };
		491AFED229F92CB400228E72 /* SceneDelegate.swift in Sources */ = {isa = PBXBuildFile; fileRef = 491AFED129F92CB400228E72 /* SceneDelegate.swift */; };
		491AFED429F92CB400228E72 /* ViewController.swift in Sources */ = {isa = PBXBuildFile; fileRef = 491AFED329F92CB400228E72 /* ViewController.swift */; };
		491AFED729F92CB400228E72 /* Main.storyboard in Resources */ = {isa = PBXBuildFile; fileRef = 491AFED529F92CB400228E72 /* Main.storyboard */; };
		491AFED929F92CB700228E72 /* Assets.xcassets in Resources */ = {isa = PBXBuildFile; fileRef = 491AFED829F92CB700228E72 /* Assets.xcassets */; };
		491AFEDC29F92CB700228E72 /* LaunchScreen.storyboard in Resources */ = {isa = PBXBuildFile; fileRef = 491AFEDA29F92CB700228E72 /* LaunchScreen.storyboard */; };
		491AFEE729F92CB800228E72 /* CallKitDemoAppTests.swift in Sources */ = {isa = PBXBuildFile; fileRef = 491AFEE629F92CB800228E72 /* CallKitDemoAppTests.swift */; };
		491AFEF129F92CB800228E72 /* CallKitDemoAppUITests.swift in Sources */ = {isa = PBXBuildFile; fileRef = 491AFEF029F92CB800228E72 /* CallKitDemoAppUITests.swift */; };
		491AFEF329F92CB800228E72 /* CallKitDemoAppUITestsLaunchTests.swift in Sources */ = {isa = PBXBuildFile; fileRef = 491AFEF229F92CB800228E72 /* CallKitDemoAppUITestsLaunchTests.swift */; };
/* End PBXBuildFile section */

/* Begin PBXContainerItemProxy section */
		491AFEE329F92CB800228E72 /* PBXContainerItemProxy */ = {
			isa = PBXContainerItemProxy;
			containerPortal = 491AFEC429F92CB400228E72 /* Project object */;
			proxyType = 1;
			remoteGlobalIDString = 491AFECB29F92CB400228E72;
			remoteInfo = CallKitDemoApp;
		};
		491AFEED29F92CB800228E72 /* PBXContainerItemProxy */ = {
			isa = PBXContainerItemProxy;
			containerPortal = 491AFEC429F92CB400228E72 /* Project object */;
			proxyType = 1;
			remoteGlobalIDString = 491AFECB29F92CB400228E72;
			remoteInfo = CallKitDemoApp;
		};
/* End PBXContainerItemProxy section */

/* Begin PBXFileReference section */
		491AFECC29F92CB400228E72 /* CallKitDemoApp.app */ = {isa = PBXFileReference; explicitFileType = wrapper.application; includeInIndex = 0; path = CallKitDemoApp.app; sourceTree = BUILT_PRODUCTS_DIR; };
		491AFECF29F92CB400228E72 /* AppDelegate.swift */ = {isa = PBXFileReference; lastKnownFileType = sourcecode.swift; path = AppDelegate.swift; sourceTree = "<group>"; };
		491AFED129F92CB400228E72 /* SceneDelegate.swift */ = {isa = PBXFileReference; lastKnownFileType = sourcecode.swift; path = SceneDelegate.swift; sourceTree = "<group>"; };
		491AFED329F92CB400228E72 /* ViewController.swift */ = {isa = PBXFileReference; lastKnownFileType = sourcecode.swift; path = ViewController.swift; sourceTree = "<group>"; };
		491AFED629F92CB400228E72 /* Base */ = {isa = PBXFileReference; lastKnownFileType = file.storyboard; name = Base; path = Base.lproj/Main.storyboard; sourceTree = "<group>"; };
		491AFED829F92CB700228E72 /* Assets.xcassets */ = {isa = PBXFileReference; lastKnownFileType = folder.assetcatalog; path = Assets.xcassets; sourceTree = "<group>"; };
		491AFEDB29F92CB700228E72 /* Base */ = {isa = PBXFileReference; lastKnownFileType = file.storyboard; name = Base; path = Base.lproj/LaunchScreen.storyboard; sourceTree = "<group>"; };
		491AFEDD29F92CB700228E72 /* Info.plist */ = {isa = PBXFileReference; lastKnownFileType = text.plist.xml; path = Info.plist; sourceTree = "<group>"; };
		491AFEE229F92CB800228E72 /* CallKitDemoAppTests.xctest */ = {isa = PBXFileReference; explicitFileType = wrapper.cfbundle; includeInIndex = 0; path = CallKitDemoAppTests.xctest; sourceTree = BUILT_PRODUCTS_DIR; };
		491AFEE629F92CB800228E72 /* CallKitDemoAppTests.swift */ = {isa = PBXFileReference; lastKnownFileType = sourcecode.swift; path = CallKitDemoAppTests.swift; sourceTree = "<group>"; };
		491AFEEC29F92CB800228E72 /* CallKitDemoAppUITests.xctest */ = {isa = PBXFileReference; explicitFileType = wrapper.cfbundle; includeInIndex = 0; path = CallKitDemoAppUITests.xctest; sourceTree = BUILT_PRODUCTS_DIR; };
		491AFEF029F92CB800228E72 /* CallKitDemoAppUITests.swift */ = {isa = PBXFileReference; lastKnownFileType = sourcecode.swift; path = CallKitDemoAppUITests.swift; sourceTree = "<group>"; };
		491AFEF229F92CB800228E72 /* CallKitDemoAppUITestsLaunchTests.swift */ = {isa = PBXFileReference; lastKnownFileType = sourcecode.swift; path = CallKitDemoAppUITestsLaunchTests.swift; sourceTree = "<group>"; };
/* End PBXFileReference section */

/* Begin PBXFrameworksBuildPhase section */
		491AFEC929F92CB400228E72 /* Frameworks */ = {
			isa = PBXFrameworksBuildPhase;
			buildActionMask = 2147483647;
			files = (
			);
			runOnlyForDeploymentPostprocessing = 0;
		};
		491AFEDF29F92CB800228E72 /* Frameworks */ = {
			isa = PBXFrameworksBuildPhase;
			buildActionMask = 2147483647;
			files = (
			);
			runOnlyForDeploymentPostprocessing = 0;
		};
		491AFEE929F92CB800228E72 /* Frameworks */ = {
			isa = PBXFrameworksBuildPhase;
			buildActionMask = 2147483647;
			files = (
			);
			runOnlyForDeploymentPostprocessing = 0;
		};
/* End PBXFrameworksBuildPhase section */

/* Begin PBXGroup section */
		491AFEC329F92CB400228E72 = {
			isa = PBXGroup;
			children = (
				491AFECE29F92CB400228E72 /* CallKitDemoApp */,
				491AFEE529F92CB800228E72 /* CallKitDemoAppTests */,
				491AFEEF29F92CB800228E72 /* CallKitDemoAppUITests */,
				491AFECD29F92CB400228E72 /* Products */,
			);
			sourceTree = "<group>";
		};
		491AFECD29F92CB400228E72 /* Products */ = {
			isa = PBXGroup;
			children = (
				491AFECC29F92CB400228E72 /* CallKitDemoApp.app */,
				491AFEE229F92CB800228E72 /* CallKitDemoAppTests.xctest */,
				491AFEEC29F92CB800228E72 /* CallKitDemoAppUITests.xctest */,
			);
			name = Products;
			sourceTree = "<group>";
		};
		491AFECE29F92CB400228E72 /* CallKitDemoApp */ = {
			isa = PBXGroup;
			children = (
				491AFECF29F92CB400228E72 /* AppDelegate.swift */,
				491AFED129F92CB400228E72 /* SceneDelegate.swift */,
				491AFED329F92CB400228E72 /* ViewController.swift */,
				491AFED529F92CB400228E72 /* Main.storyboard */,
				491AFED829F92CB700228E72 /* Assets.xcassets */,
				491AFEDA29F92CB700228E72 /* LaunchScreen.storyboard */,
				491AFEDD29F92CB700228E72 /* Info.plist */,
			);
			path = CallKitDemoApp;
			sourceTree = "<group>";
		};
		491AFEE529F92CB800228E72 /* CallKitDemoAppTests */ = {
			isa = PBXGroup;
			children = (
				491AFEE629F92CB800228E72 /* CallKitDemoAppTests.swift */,
			);
			path = CallKitDemoAppTests;
			sourceTree = "<group>";
		};
		491AFEEF29F92CB800228E72 /* CallKitDemoAppUITests */ = {
			isa = PBXGroup;
			children = (
				491AFEF029F92CB800228E72 /* CallKitDemoAppUITests.swift */,
				491AFEF229F92CB800228E72 /* CallKitDemoAppUITestsLaunchTests.swift */,
			);
			path = CallKitDemoAppUITests;
			sourceTree = "<group>";
		};
/* End PBXGroup section */

/* Begin PBXNativeTarget section */
		491AFECB29F92CB400228E72 /* CallKitDemoApp */ = {
			isa = PBXNativeTarget;
			buildConfigurationList = 491AFEF629F92CB800228E72 /* Build configuration list for PBXNativeTarget "CallKitDemoApp" */;
			buildPhases = (
				491AFEC829F92CB400228E72 /* Sources */,
				491AFEC929F92CB400228E72 /* Frameworks */,
				491AFECA29F92CB400228E72 /* Resources */,
			);
			buildRules = (
			);
			dependencies = (
			);
			name = CallKitDemoApp;
			productName = CallKitDemoApp;
			productReference = 491AFECC29F92CB400228E72 /* CallKitDemoApp.app */;
			productType = "com.apple.product-type.application";
		};
		491AFEE129F92CB800228E72 /* CallKitDemoAppTests */ = {
			isa = PBXNativeTarget;
			buildConfigurationList = 491AFEF929F92CB800228E72 /* Build configuration list for PBXNativeTarget "CallKitDemoAppTests" */;
			buildPhases = (
				491AFEDE29F92CB800228E72 /* Sources */,
				491AFEDF29F92CB800228E72 /* Frameworks */,
				491AFEE029F92CB800228E72 /* Resources */,
			);
			buildRules = (
			);
			dependencies = (
				491AFEE429F92CB800228E72 /* PBXTargetDependency */,
			);
			name = CallKitDemoAppTests;
			productName = CallKitDemoAppTests;
			productReference = 491AFEE229F92CB800228E72 /* CallKitDemoAppTests.xctest */;
			productType = "com.apple.product-type.bundle.unit-test";
		};
		491AFEEB29F92CB800228E72 /* CallKitDemoAppUITests */ = {
			isa = PBXNativeTarget;
			buildConfigurationList = 491AFEFC29F92CB800228E72 /* Build configuration list for PBXNativeTarget "CallKitDemoAppUITests" */;
			buildPhases = (
				491AFEE829F92CB800228E72 /* Sources */,
				491AFEE929F92CB800228E72 /* Frameworks */,
				491AFEEA29F92CB800228E72 /* Resources */,
			);
			buildRules = (
			);
			dependencies = (
				491AFEEE29F92CB800228E72 /* PBXTargetDependency */,
			);
			name = CallKitDemoAppUITests;
			productName = CallKitDemoAppUITests;
			productReference = 491AFEEC29F92CB800228E72 /* CallKitDemoAppUITests.xctest */;
			productType = "com.apple.product-type.bundle.ui-testing";
		};
/* End PBXNativeTarget section */

/* Begin PBXProject section */
		491AFEC429F92CB400228E72 /* Project object */ = {
			isa = PBXProject;
			attributes = {
				BuildIndependentTargetsInParallel = 1;
				LastSwiftUpdateCheck = 1420;
				LastUpgradeCheck = 1420;
				TargetAttributes = {
					491AFECB29F92CB400228E72 = {
						CreatedOnToolsVersion = 14.2;
					};
					491AFEE129F92CB800228E72 = {
						CreatedOnToolsVersion = 14.2;
						TestTargetID = 491AFECB29F92CB400228E72;
					};
					491AFEEB29F92CB800228E72 = {
						CreatedOnToolsVersion = 14.2;
						TestTargetID = 491AFECB29F92CB400228E72;
					};
				};
			};
			buildConfigurationList = 491AFEC729F92CB400228E72 /* Build configuration list for PBXProject "CallKitDemoApp" */;
			compatibilityVersion = "Xcode 14.0";
			developmentRegion = en;
			hasScannedForEncodings = 0;
			knownRegions = (
				en,
				Base,
			);
			mainGroup = 491AFEC329F92CB400228E72;
			productRefGroup = 491AFECD29F92CB400228E72 /* Products */;
			projectDirPath = "";
			projectRoot = "";
			targets = (
				491AFECB29F92CB400228E72 /* CallKitDemoApp */,
				491AFEE129F92CB800228E72 /* CallKitDemoAppTests */,
				491AFEEB29F92CB800228E72 /* CallKitDemoAppUITests */,
			);
		};
/* End PBXProject section */

/* Begin PBXResourcesBuildPhase section */
		491AFECA29F92CB400228E72 /* Resources */ = {
			isa = PBXResourcesBuildPhase;
			buildActionMask = 2147483647;
			files = (
				491AFEDC29F92CB700228E72 /* LaunchScreen.storyboard in Resources */,
				491AFED929F92CB700228E72 /* Assets.xcassets in Resources */,
				491AFED729F92CB400228E72 /* Main.storyboard in Resources */,
			);
			runOnlyForDeploymentPostprocessing = 0;
		};
		491AFEE029F92CB800228E72 /* Resources */ = {
			isa = PBXResourcesBuildPhase;
			buildActionMask = 2147483647;
			files = (
			);
			runOnlyForDeploymentPostprocessing = 0;
		};
		491AFEEA29F92CB800228E72 /* Resources */ = {
			isa = PBXResourcesBuildPhase;
			buildActionMask = 2147483647;
			files = (
			);
			runOnlyForDeploymentPostprocessing = 0;
		};
/* End PBXResourcesBuildPhase section */

/* Begin PBXSourcesBuildPhase section */
		491AFEC829F92CB400228E72 /* Sources */ = {
			isa = PBXSourcesBuildPhase;
			buildActionMask = 2147483647;
			files = (
				491AFED429F92CB400228E72 /* ViewController.swift in Sources */,
				491AFED029F92CB400228E72 /* AppDelegate.swift in Sources */,
				491AFED229F92CB400228E72 /* SceneDelegate.swift in Sources */,
			);
			runOnlyForDeploymentPostprocessing = 0;
		};
		491AFEDE29F92CB800228E72 /* Sources */ = {
			isa = PBXSourcesBuildPhase;
			buildActionMask = 2147483647;
			files = (
				491AFEE729F92CB800228E72 /* CallKitDemoAppTests.swift in Sources */,
			);
			runOnlyForDeploymentPostprocessing = 0;
		};
		491AFEE829F92CB800228E72 /* Sources */ = {
			isa = PBXSourcesBuildPhase;
			buildActionMask = 2147483647;
			files = (
				491AFEF329F92CB800228E72 /* CallKitDemoAppUITestsLaunchTests.swift in Sources */,
				491AFEF129F92CB800228E72 /* CallKitDemoAppUITests.swift in Sources */,
			);
			runOnlyForDeploymentPostprocessing = 0;
		};
/* End PBXSourcesBuildPhase section */

/* Begin PBXTargetDependency section */
		491AFEE429F92CB800228E72 /* PBXTargetDependency */ = {
			isa = PBXTargetDependency;
			target = 491AFECB29F92CB400228E72 /* CallKitDemoApp */;
			targetProxy = 491AFEE329F92CB800228E72 /* PBXContainerItemProxy */;
		};
		491AFEEE29F92CB800228E72 /* PBXTargetDependency */ = {
			isa = PBXTargetDependency;
			target = 491AFECB29F92CB400228E72 /* CallKitDemoApp */;
			targetProxy = 491AFEED29F92CB800228E72 /* PBXContainerItemProxy */;
		};
/* End PBXTargetDependency section */

/* Begin PBXVariantGroup section */
		491AFED529F92CB400228E72 /* Main.storyboard */ = {
			isa = PBXVariantGroup;
			children = (
				491AFED629F92CB400228E72 /* Base */,
			);
			name = Main.storyboard;
			sourceTree = "<group>";
		};
		491AFEDA29F92CB700228E72 /* LaunchScreen.storyboard */ = {
			isa = PBXVariantGroup;
			children = (
				491AFEDB29F92CB700228E72 /* Base */,
			);
			name = LaunchScreen.storyboard;
			sourceTree = "<group>";
		};
/* End PBXVariantGroup section */

/* Begin XCBuildConfiguration section */
		491AFEF429F92CB800228E72 /* Debug */ = {
			isa = XCBuildConfiguration;
			buildSettings = {
				ALWAYS_SEARCH_USER_PATHS = NO;
				CLANG_ANALYZER_NONNULL = YES;
				CLANG_ANALYZER_NUMBER_OBJECT_CONVERSION = YES_AGGRESSIVE;
				CLANG_CXX_LANGUAGE_STANDARD = "gnu++20";
				CLANG_ENABLE_MODULES = YES;
				CLANG_ENABLE_OBJC_ARC = YES;
				CLANG_ENABLE_OBJC_WEAK = YES;
				CLANG_WARN_BLOCK_CAPTURE_AUTORELEASING = YES;
				CLANG_WARN_BOOL_CONVERSION = YES;
				CLANG_WARN_COMMA = YES;
				CLANG_WARN_CONSTANT_CONVERSION = YES;
				CLANG_WARN_DEPRECATED_OBJC_IMPLEMENTATIONS = YES;
				CLANG_WARN_DIRECT_OBJC_ISA_USAGE = YES_ERROR;
				CLANG_WARN_DOCUMENTATION_COMMENTS = YES;
				CLANG_WARN_EMPTY_BODY = YES;
				CLANG_WARN_ENUM_CONVERSION = YES;
				CLANG_WARN_INFINITE_RECURSION = YES;
				CLANG_WARN_INT_CONVERSION = YES;
				CLANG_WARN_NON_LITERAL_NULL_CONVERSION = YES;
				CLANG_WARN_OBJC_IMPLICIT_RETAIN_SELF = YES;
				CLANG_WARN_OBJC_LITERAL_CONVERSION = YES;
				CLANG_WARN_OBJC_ROOT_CLASS = YES_ERROR;
				CLANG_WARN_QUOTED_INCLUDE_IN_FRAMEWORK_HEADER = YES;
				CLANG_WARN_RANGE_LOOP_ANALYSIS = YES;
				CLANG_WARN_STRICT_PROTOTYPES = YES;
				CLANG_WARN_SUSPICIOUS_MOVE = YES;
				CLANG_WARN_UNGUARDED_AVAILABILITY = YES_AGGRESSIVE;
				CLANG_WARN_UNREACHABLE_CODE = YES;
				CLANG_WARN__DUPLICATE_METHOD_MATCH = YES;
				COPY_PHASE_STRIP = NO;
				DEBUG_INFORMATION_FORMAT = dwarf;
				ENABLE_STRICT_OBJC_MSGSEND = YES;
				ENABLE_TESTABILITY = YES;
				GCC_C_LANGUAGE_STANDARD = gnu11;
				GCC_DYNAMIC_NO_PIC = NO;
				GCC_NO_COMMON_BLOCKS = YES;
				GCC_OPTIMIZATION_LEVEL = 0;
				GCC_PREPROCESSOR_DEFINITIONS = (
					"DEBUG=1",
					"$(inherited)",
				);
				GCC_WARN_64_TO_32_BIT_CONVERSION = YES;
				GCC_WARN_ABOUT_RETURN_TYPE = YES_ERROR;
				GCC_WARN_UNDECLARED_SELECTOR = YES;
				GCC_WARN_UNINITIALIZED_AUTOS = YES_AGGRESSIVE;
				GCC_WARN_UNUSED_FUNCTION = YES;
				GCC_WARN_UNUSED_VARIABLE = YES;
				IPHONEOS_DEPLOYMENT_TARGET = 16.2;
				MTL_ENABLE_DEBUG_INFO = INCLUDE_SOURCE;
				MTL_FAST_MATH = YES;
				ONLY_ACTIVE_ARCH = YES;
				SDKROOT = iphoneos;
				SWIFT_ACTIVE_COMPILATION_CONDITIONS = DEBUG;
				SWIFT_OPTIMIZATION_LEVEL = "-Onone";
			};
			name = Debug;
		};
		491AFEF529F92CB800228E72 /* Release */ = {
			isa = XCBuildConfiguration;
			buildSettings = {
				ALWAYS_SEARCH_USER_PATHS = NO;
				CLANG_ANALYZER_NONNULL = YES;
				CLANG_ANALYZER_NUMBER_OBJECT_CONVERSION = YES_AGGRESSIVE;
				CLANG_CXX_LANGUAGE_STANDARD = "gnu++20";
				CLANG_ENABLE_MODULES = YES;
				CLANG_ENABLE_OBJC_ARC = YES;
				CLANG_ENABLE_OBJC_WEAK = YES;
				CLANG_WARN_BLOCK_CAPTURE_AUTORELEASING = YES;
				CLANG_WARN_BOOL_CONVERSION = YES;
				CLANG_WARN_COMMA = YES;
				CLANG_WARN_CONSTANT_CONVERSION = YES;
				CLANG_WARN_DEPRECATED_OBJC_IMPLEMENTATIONS = YES;
				CLANG_WARN_DIRECT_OBJC_ISA_USAGE = YES_ERROR;
				CLANG_WARN_DOCUMENTATION_COMMENTS = YES;
				CLANG_WARN_EMPTY_BODY = YES;
				CLANG_WARN_ENUM_CONVERSION = YES;
				CLANG_WARN_INFINITE_RECURSION = YES;
				CLANG_WARN_INT_CONVERSION = YES;
				CLANG_WARN_NON_LITERAL_NULL_CONVERSION = YES;
				CLANG_WARN_OBJC_IMPLICIT_RETAIN_SELF = YES;
				CLANG_WARN_OBJC_LITERAL_CONVERSION = YES;
				CLANG_WARN_OBJC_ROOT_CLASS = YES_ERROR;
				CLANG_WARN_QUOTED_INCLUDE_IN_FRAMEWORK_HEADER = YES;
				CLANG_WARN_RANGE_LOOP_ANALYSIS = YES;
				CLANG_WARN_STRICT_PROTOTYPES = YES;
				CLANG_WARN_SUSPICIOUS_MOVE = YES;
				CLANG_WARN_UNGUARDED_AVAILABILITY = YES_AGGRESSIVE;
				CLANG_WARN_UNREACHABLE_CODE = YES;
				CLANG_WARN__DUPLICATE_METHOD_MATCH = YES;
				COPY_PHASE_STRIP = NO;
				DEBUG_INFORMATION_FORMAT = "dwarf-with-dsym";
				ENABLE_NS_ASSERTIONS = NO;
				ENABLE_STRICT_OBJC_MSGSEND = YES;
				GCC_C_LANGUAGE_STANDARD = gnu11;
				GCC_NO_COMMON_BLOCKS = YES;
				GCC_WARN_64_TO_32_BIT_CONVERSION = YES;
				GCC_WARN_ABOUT_RETURN_TYPE = YES_ERROR;
				GCC_WARN_UNDECLARED_SELECTOR = YES;
				GCC_WARN_UNINITIALIZED_AUTOS = YES_AGGRESSIVE;
				GCC_WARN_UNUSED_FUNCTION = YES;
				GCC_WARN_UNUSED_VARIABLE = YES;
				IPHONEOS_DEPLOYMENT_TARGET = 16.2;
				MTL_ENABLE_DEBUG_INFO = NO;
				MTL_FAST_MATH = YES;
				SDKROOT = iphoneos;
				SWIFT_COMPILATION_MODE = wholemodule;
				SWIFT_OPTIMIZATION_LEVEL = "-O";
				VALIDATE_PRODUCT = YES;
			};
			name = Release;
		};
		491AFEF729F92CB800228E72 /* Debug */ = {
			isa = XCBuildConfiguration;
			buildSettings = {
				ASSETCATALOG_COMPILER_APPICON_NAME = AppIcon;
				ASSETCATALOG_COMPILER_GLOBAL_ACCENT_COLOR_NAME = AccentColor;
				CODE_SIGN_STYLE = Automatic;
				CURRENT_PROJECT_VERSION = 1;
				DEVELOPMENT_TEAM = R85N7Z4DTZ;
				GENERATE_INFOPLIST_FILE = YES;
				INFOPLIST_FILE = CallKitDemoApp/Info.plist;
				INFOPLIST_KEY_UIApplicationSupportsIndirectInputEvents = YES;
				INFOPLIST_KEY_UILaunchStoryboardName = LaunchScreen;
				INFOPLIST_KEY_UIMainStoryboardFile = Main;
				INFOPLIST_KEY_UISupportedInterfaceOrientations_iPad = "UIInterfaceOrientationPortrait UIInterfaceOrientationPortraitUpsideDown UIInterfaceOrientationLandscapeLeft UIInterfaceOrientationLandscapeRight";
				INFOPLIST_KEY_UISupportedInterfaceOrientations_iPhone = "UIInterfaceOrientationPortrait UIInterfaceOrientationLandscapeLeft UIInterfaceOrientationLandscapeRight";
				LD_RUNPATH_SEARCH_PATHS = (
					"$(inherited)",
					"@executable_path/Frameworks",
				);
				MARKETING_VERSION = 1.0;
				PRODUCT_BUNDLE_IDENTIFIER = multicommerce.CallKitDemoApp;
				PRODUCT_NAME = "$(TARGET_NAME)";
				SWIFT_EMIT_LOC_STRINGS = YES;
				SWIFT_VERSION = 5.0;
				TARGETED_DEVICE_FAMILY = "1,2";
			};
			name = Debug;
		};
		491AFEF829F92CB800228E72 /* Release */ = {
			isa = XCBuildConfiguration;
			buildSettings = {
				ASSETCATALOG_COMPILER_APPICON_NAME = AppIcon;
				ASSETCATALOG_COMPILER_GLOBAL_ACCENT_COLOR_NAME = AccentColor;
				CODE_SIGN_STYLE = Automatic;
				CURRENT_PROJECT_VERSION = 1;
				DEVELOPMENT_TEAM = R85N7Z4DTZ;
				GENERATE_INFOPLIST_FILE = YES;
				INFOPLIST_FILE = CallKitDemoApp/Info.plist;
				INFOPLIST_KEY_UIApplicationSupportsIndirectInputEvents = YES;
				INFOPLIST_KEY_UILaunchStoryboardName = LaunchScreen;
				INFOPLIST_KEY_UIMainStoryboardFile = Main;
				INFOPLIST_KEY_UISupportedInterfaceOrientations_iPad = "UIInterfaceOrientationPortrait UIInterfaceOrientationPortraitUpsideDown UIInterfaceOrientationLandscapeLeft UIInterfaceOrientationLandscapeRight";
				INFOPLIST_KEY_UISupportedInterfaceOrientations_iPhone = "UIInterfaceOrientationPortrait UIInterfaceOrientationLandscapeLeft UIInterfaceOrientationLandscapeRight";
				LD_RUNPATH_SEARCH_PATHS = (
					"$(inherited)",
					"@executable_path/Frameworks",
				);
				MARKETING_VERSION = 1.0;
				PRODUCT_BUNDLE_IDENTIFIER = multicommerce.CallKitDemoApp;
				PRODUCT_NAME = "$(TARGET_NAME)";
				SWIFT_EMIT_LOC_STRINGS = YES;
				SWIFT_VERSION = 5.0;
				TARGETED_DEVICE_FAMILY = "1,2";
			};
			name = Release;
		};
		491AFEFA29F92CB800228E72 /* Debug */ = {
			isa = XCBuildConfiguration;
			buildSettings = {
				ALWAYS_EMBED_SWIFT_STANDARD_LIBRARIES = YES;
				BUNDLE_LOADER = "$(TEST_HOST)";
				CODE_SIGN_STYLE = Automatic;
				CURRENT_PROJECT_VERSION = 1;
				DEVELOPMENT_TEAM = R85N7Z4DTZ;
				GENERATE_INFOPLIST_FILE = YES;
				IPHONEOS_DEPLOYMENT_TARGET = 16.2;
				MARKETING_VERSION = 1.0;
				PRODUCT_BUNDLE_IDENTIFIER = multicommerce.CallKitDemoAppTests;
				PRODUCT_NAME = "$(TARGET_NAME)";
				SWIFT_EMIT_LOC_STRINGS = NO;
				SWIFT_VERSION = 5.0;
				TARGETED_DEVICE_FAMILY = "1,2";
				TEST_HOST = "$(BUILT_PRODUCTS_DIR)/CallKitDemoApp.app/$(BUNDLE_EXECUTABLE_FOLDER_PATH)/CallKitDemoApp";
			};
			name = Debug;
		};
		491AFEFB29F92CB800228E72 /* Release */ = {
			isa = XCBuildConfiguration;
			buildSettings = {
				ALWAYS_EMBED_SWIFT_STANDARD_LIBRARIES = YES;
				BUNDLE_LOADER = "$(TEST_HOST)";
				CODE_SIGN_STYLE = Automatic;
				CURRENT_PROJECT_VERSION = 1;
				DEVELOPMENT_TEAM = R85N7Z4DTZ;
				GENERATE_INFOPLIST_FILE = YES;
				IPHONEOS_DEPLOYMENT_TARGET = 16.2;
				MARKETING_VERSION = 1.0;
				PRODUCT_BUNDLE_IDENTIFIER = multicommerce.CallKitDemoAppTests;
				PRODUCT_NAME = "$(TARGET_NAME)";
				SWIFT_EMIT_LOC_STRINGS = NO;
				SWIFT_VERSION = 5.0;
				TARGETED_DEVICE_FAMILY = "1,2";
				TEST_HOST = "$(BUILT_PRODUCTS_DIR)/CallKitDemoApp.app/$(BUNDLE_EXECUTABLE_FOLDER_PATH)/CallKitDemoApp";
			};
			name = Release;
		};
		491AFEFD29F92CB800228E72 /* Debug */ = {
			isa = XCBuildConfiguration;
			buildSettings = {
				ALWAYS_EMBED_SWIFT_STANDARD_LIBRARIES = YES;
				CODE_SIGN_STYLE = Automatic;
				CURRENT_PROJECT_VERSION = 1;
				DEVELOPMENT_TEAM = R85N7Z4DTZ;
				GENERATE_INFOPLIST_FILE = YES;
				MARKETING_VERSION = 1.0;
				PRODUCT_BUNDLE_IDENTIFIER = multicommerce.CallKitDemoAppUITests;
				PRODUCT_NAME = "$(TARGET_NAME)";
				SWIFT_EMIT_LOC_STRINGS = NO;
				SWIFT_VERSION = 5.0;
				TARGETED_DEVICE_FAMILY = "1,2";
				TEST_TARGET_NAME = CallKitDemoApp;
			};
			name = Debug;
		};
		491AFEFE29F92CB800228E72 /* Release */ = {
			isa = XCBuildConfiguration;
			buildSettings = {
				ALWAYS_EMBED_SWIFT_STANDARD_LIBRARIES = YES;
				CODE_SIGN_STYLE = Automatic;
				CURRENT_PROJECT_VERSION = 1;
				DEVELOPMENT_TEAM = R85N7Z4DTZ;
				GENERATE_INFOPLIST_FILE = YES;
				MARKETING_VERSION = 1.0;
				PRODUCT_BUNDLE_IDENTIFIER = multicommerce.CallKitDemoAppUITests;
				PRODUCT_NAME = "$(TARGET_NAME)";
				SWIFT_EMIT_LOC_STRINGS = NO;
				SWIFT_VERSION = 5.0;
				TARGETED_DEVICE_FAMILY = "1,2";
				TEST_TARGET_NAME = CallKitDemoApp;
			};
			name = Release;
		};
/* End XCBuildConfiguration section */

/* Begin XCConfigurationList section */
		491AFEC729F92CB400228E72 /* Build configuration list for PBXProject "CallKitDemoApp" */ = {
			isa = XCConfigurationList;
			buildConfigurations = (
				491AFEF429F92CB800228E72 /* Debug */,
				491AFEF529F92CB800228E72 /* Release */,
			);
			defaultConfigurationIsVisible = 0;
			defaultConfigurationName = Release;
		};
		491AFEF629F92CB800228E72 /* Build configuration list for PBXNativeTarget "CallKitDemoApp" */ = {
			isa = XCConfigurationList;
			buildConfigurations = (
				491AFEF729F92CB800228E72 /* Debug */,
				491AFEF829F92CB800228E72 /* Release */,
			);
			defaultConfigurationIsVisible = 0;
			defaultConfigurationName = Release;
		};
		491AFEF929F92CB800228E72 /* Build configuration list for PBXNativeTarget "CallKitDemoAppTests" */ = {
			isa = XCConfigurationList;
			buildConfigurations = (
				491AFEFA29F92CB800228E72 /* Debug */,
				491AFEFB29F92CB800228E72 /* Release */,
			);
			defaultConfigurationIsVisible = 0;
			defaultConfigurationName = Release;
		};
		491AFEFC29F92CB800228E72 /* Build configuration list for PBXNativeTarget "CallKitDemoAppUITests" */ = {
			isa = XCConfigurationList;
			buildConfigurations = (
				491AFEFD29F92CB800228E72 /* Debug */,
				491AFEFE29F92CB800228E72 /* Release */,
			);
			defaultConfigurationIsVisible = 0;
			defaultConfigurationName = Release;
		};
/* End XCConfigurationList section */
	};
	rootObject = 491AFEC429F92CB400228E72 /* Project object */;
}
